
Microsoft Visual Studio Solution File, Format Version 12.00
# Visual Studio 2012
Project("{FAE04EC0-301F-11D3-BF4B-00C04F79EFBC}") = "XamarinUITestApp", "XamarinUITestApp\XamarinUITestApp.csproj", "{CE9580EF-F255-4070-85AA-F552DB12D344}"
EndProject
Project("{FAE04EC0-301F-11D3-BF4B-00C04F79EFBC}") = "XamarinUITestAppTest", "XamarinUITestAppTest\XamarinUITestAppTest.csproj", "{48E97B10-7FD9-4E0B-B6FD-20BE74C7493C}"
EndProject
Global
	GlobalSection(SolutionConfigurationPlatforms) = preSolution
		Debug|iPhoneSimulator = Debug|iPhoneSimulator
		Release|iPhone = Release|iPhone
		Release|iPhoneSimulator = Release|iPhoneSimulator
		Debug|iPhone = Debug|iPhone
	EndGlobalSection
	GlobalSection(ProjectConfigurationPlatforms) = postSolution
		{CE9580EF-F255-4070-85AA-F552DB12D344}.Debug|iPhoneSimulator.ActiveCfg = Debug|iPhoneSimulator
		{CE9580EF-F255-4070-85AA-F552DB12D344}.Debug|iPhoneSimulator.Build.0 = Debug|iPhoneSimulator
		{CE9580EF-F255-4070-85AA-F552DB12D344}.Release|iPhone.ActiveCfg = Release|iPhone
		{CE9580EF-F255-4070-85AA-F552DB12D344}.Release|iPhone.Build.0 = Release|iPhone
		{CE9580EF-F255-4070-85AA-F552DB12D344}.Release|iPhoneSimulator.ActiveCfg = Release|iPhoneSimulator
		{CE9580EF-F255-4070-85AA-F552DB12D344}.Release|iPhoneSimulator.Build.0 = Release|iPhoneSimulator
		{CE9580EF-F255-4070-85AA-F552DB12D344}.Debug|iPhone.ActiveCfg = Debug|iPhone
		{CE9580EF-F255-4070-85AA-F552DB12D344}.Debug|iPhone.Build.0 = Debug|iPhone
		{48E97B10-7FD9-4E0B-B6FD-20BE74C7493C}.Debug|iPhoneSimulator.ActiveCfg = Debug|Any CPU
		{48E97B10-7FD9-4E0B-B6FD-20BE74C7493C}.Debug|iPhoneSimulator.Build.0 = Debug|Any CPU
		{48E97B10-7FD9-4E0B-B6FD-20BE74C7493C}.Release|iPhone.ActiveCfg = Release|Any CPU
		{48E97B10-7FD9-4E0B-B6FD-20BE74C7493C}.Release|iPhone.Build.0 = Release|Any CPU
		{48E97B10-7FD9-4E0B-B6FD-20BE74C7493C}.Release|iPhoneSimulator.ActiveCfg = Release|Any CPU
		{48E97B10-7FD9-4E0B-B6FD-20BE74C7493C}.Release|iPhoneSimulator.Build.0 = Release|Any CPU
		{48E97B10-7FD9-4E0B-B6FD-20BE74C7493C}.Debug|iPhone.ActiveCfg = Debug|Any CPU
		{48E97B10-7FD9-4E0B-B6FD-20BE74C7493C}.Debug|iPhone.Build.0 = Debug|Any CPU
	EndGlobalSection
EndGlobal
